// !$*UTF8*$!
{
	archiveVersion = 1;
	classes = {
	};
	objectVersion = 56;
	objects = {

/* Begin PBXBuildFile section */
		2EDADEBD2B984CC700D33799 /* main.swift in Sources */ = {isa = PBXBuildFile; fileRef = 2EDADEBC2B984CC700D33799 /* main.swift */; };
/* End PBXBuildFile section */

/* Begin PBXCopyFilesBuildPhase section */
		2EDADEB72B984CC700D33799 /* CopyFiles */ = {
			isa = PBXCopyFilesBuildPhase;
			buildActionMask = 2147483647;
			dstPath = /usr/share/man/man1/;
			dstSubfolderSpec = 0;
			files = (
			);
			runOnlyForDeploymentPostprocessing = 1;
		};
/* End PBXCopyFilesBuildPhase section */

/* Begin PBXFileReference section */
		2EDADEB92B984CC700D33799 /* Algorithm */ = {isa = PBXFileReference; explicitFileType = "compiled.mach-o.executable"; includeInIndex = 0; path = Algorithm; sourceTree = BUILT_PRODUCTS_DIR; };
		2EDADEBC2B984CC700D33799 /* main.swift */ = {isa = PBXFileReference; lastKnownFileType = sourcecode.swift; path = main.swift; sourceTree = "<group>"; };
		2EDADEC42B985E4800D33799 /* 옹알이 (2).swift */ = {isa = PBXFileReference; lastKnownFileType = sourcecode.swift; path = "옹알이 (2).swift"; sourceTree = "<group>"; };
		2EDADEC62B9EF0F800D33799 /* 문자열 나누기.swift */ = {isa = PBXFileReference; lastKnownFileType = sourcecode.swift; path = "문자열 나누기.swift"; sourceTree = "<group>"; };
		2EDADECA2B9EF12500D33799 /* 숫자 짝꿍.swift */ = {isa = PBXFileReference; lastKnownFileType = sourcecode.swift; path = "숫자 짝꿍.swift"; sourceTree = "<group>"; };
		2EDADECC2BA05AFE00D33799 /* 대충 만든 자판.swift */ = {isa = PBXFileReference; lastKnownFileType = sourcecode.swift; path = "대충 만든 자판.swift"; sourceTree = "<group>"; };
		2EDADECE2BA06FC700D33799 /* 둘만의 암호.swift */ = {isa = PBXFileReference; lastKnownFileType = sourcecode.swift; path = "둘만의 암호.swift"; sourceTree = "<group>"; };
		2EDADED02BA1767800D33799 /* 햄버거 만들기.swift */ = {isa = PBXFileReference; lastKnownFileType = sourcecode.swift; path = "햄버거 만들기.swift"; sourceTree = "<group>"; };
		2EDADED22BA183F200D33799 /* 성격 유형 검사하기.swift */ = {isa = PBXFileReference; lastKnownFileType = sourcecode.swift; path = "성격 유형 검사하기.swift"; sourceTree = "<group>"; };
		2EDADED42BA2DE4400D33799 /* 개인정보 수집 유효기간.swift */ = {isa = PBXFileReference; lastKnownFileType = sourcecode.swift; path = "개인정보 수집 유효기간.swift"; sourceTree = "<group>"; };
		2EDADED62BA97A4E00D33799 /* 바탕화면 정리.swift */ = {isa = PBXFileReference; lastKnownFileType = sourcecode.swift; path = "바탕화면 정리.swift"; sourceTree = "<group>"; };
		2EDADED92BAAE87F00D33799 /* 카펫.swift */ = {isa = PBXFileReference; lastKnownFileType = sourcecode.swift; path = "카펫.swift"; sourceTree = "<group>"; };
		2EDADEDB2BAC116500D33799 /* 점프와 순간 이동.swift */ = {isa = PBXFileReference; lastKnownFileType = sourcecode.swift; path = "점프와 순간 이동.swift"; sourceTree = "<group>"; };
		2EDADEDD2BAC173500D33799 /* 예상 대진표.swift */ = {isa = PBXFileReference; lastKnownFileType = sourcecode.swift; path = "예상 대진표.swift"; sourceTree = "<group>"; };
		2EDADEDF2BB56ACF00D33799 /* 멀리 뛰기.swift */ = {isa = PBXFileReference; lastKnownFileType = sourcecode.swift; path = "멀리 뛰기.swift"; sourceTree = "<group>"; };
		2EDADEE12BB5709600D33799 /* 귤 고르기.swift */ = {isa = PBXFileReference; lastKnownFileType = sourcecode.swift; path = "귤 고르기.swift"; sourceTree = "<group>"; };
		2EDADEE32BBAA61000D33799 /* 연속 부분 수열 합의 개수.swift */ = {isa = PBXFileReference; lastKnownFileType = sourcecode.swift; path = "연속 부분 수열 합의 개수.swift"; sourceTree = "<group>"; };
		2EDADEE52BBAB1C000D33799 /* 괄호 회전하기.swift */ = {isa = PBXFileReference; lastKnownFileType = sourcecode.swift; path = "괄호 회전하기.swift"; sourceTree = "<group>"; };
		2EDADEE72BBD4CFE00D33799 /* 할인 행사.swift */ = {isa = PBXFileReference; lastKnownFileType = sourcecode.swift; path = "할인 행사.swift"; sourceTree = "<group>"; };
		2EDADEE92BBEA20600D33799 /* n^2 배열 자르기.swift */ = {isa = PBXFileReference; lastKnownFileType = sourcecode.swift; path = "n^2 배열 자르기.swift"; sourceTree = "<group>"; };
		2EDADEEB2BC7C1E600D33799 /* H-Index.swift */ = {isa = PBXFileReference; lastKnownFileType = sourcecode.swift; path = "H-Index.swift"; sourceTree = "<group>"; };
		2EDADEED2BC7C95000D33799 /* 행렬의 곱셈.swift */ = {isa = PBXFileReference; lastKnownFileType = sourcecode.swift; path = "행렬의 곱셈.swift"; sourceTree = "<group>"; };
		2EDADEEF2BCD118F00D33799 /* [1차] 캐시.swift */ = {isa = PBXFileReference; lastKnownFileType = sourcecode.swift; path = "[1차] 캐시.swift"; sourceTree = "<group>"; };
		2EDADEF12BCD1A2C00D33799 /* 의상.swift */ = {isa = PBXFileReference; lastKnownFileType = sourcecode.swift; path = "의상.swift"; sourceTree = "<group>"; };
		2EDADEF32BCE556500D33799 /* 튜플.swift */ = {isa = PBXFileReference; lastKnownFileType = sourcecode.swift; path = "튜플.swift"; sourceTree = "<group>"; };
		2EDADEF52BCE5E6800D33799 /* 피로도.swift */ = {isa = PBXFileReference; lastKnownFileType = sourcecode.swift; path = "피로도.swift"; sourceTree = "<group>"; };
		2EDADEF72BCFAE6A00D33799 /* 프로세스.swift */ = {isa = PBXFileReference; lastKnownFileType = sourcecode.swift; path = "프로세스.swift"; sourceTree = "<group>"; };
		2EDADEF92BCFC05A00D33799 /* 뉴스 클러스터링.swift */ = {isa = PBXFileReference; lastKnownFileType = sourcecode.swift; path = "뉴스 클러스터링.swift"; sourceTree = "<group>"; };
		2EDADEFB2BD0BC5600D33799 /* 타겟 넘버.swift */ = {isa = PBXFileReference; lastKnownFileType = sourcecode.swift; path = "타겟 넘버.swift"; sourceTree = "<group>"; };
		2EDADEFD2BD642B800D33799 /* k진수에서 소수 개수 구하기.swift */ = {isa = PBXFileReference; lastKnownFileType = sourcecode.swift; path = "k진수에서 소수 개수 구하기.swift"; sourceTree = "<group>"; };
		2EDADF3B2BD8F4D600D33799 /* 압축.swift */ = {isa = PBXFileReference; lastKnownFileType = sourcecode.swift; path = "압축.swift"; sourceTree = "<group>"; };
		2EDADF3D2BD959EB00D33799 /* n진수 게임.swift */ = {isa = PBXFileReference; lastKnownFileType = sourcecode.swift; path = "n진수 게임.swift"; sourceTree = "<group>"; };
/* End PBXFileReference section */

/* Begin PBXFrameworksBuildPhase section */
		2EDADEB62B984CC700D33799 /* Frameworks */ = {
			isa = PBXFrameworksBuildPhase;
			buildActionMask = 2147483647;
			files = (
			);
			runOnlyForDeploymentPostprocessing = 0;
		};
/* End PBXFrameworksBuildPhase section */

/* Begin PBXGroup section */
		2EDADEB02B984CC700D33799 = {
			isa = PBXGroup;
			children = (
				2EDADEBB2B984CC700D33799 /* Algorithm */,
				2EDADEBA2B984CC700D33799 /* Products */,
			);
			sourceTree = "<group>";
		};
		2EDADEBA2B984CC700D33799 /* Products */ = {
			isa = PBXGroup;
			children = (
				2EDADEB92B984CC700D33799 /* Algorithm */,
			);
			name = Products;
			sourceTree = "<group>";
		};
		2EDADEBB2B984CC700D33799 /* Algorithm */ = {
			isa = PBXGroup;
			children = (
				2EDADEC32B98507F00D33799 /* Level1 */,
				2EDADED82BA97A8100D33799 /* Level2 */,
				2EDADEBC2B984CC700D33799 /* main.swift */,
			);
			path = Algorithm;
			sourceTree = "<group>";
		};
		2EDADEC32B98507F00D33799 /* Level1 */ = {
			isa = PBXGroup;
			children = (
				2EDADEC42B985E4800D33799 /* 옹알이 (2).swift */,
				2EDADEC62B9EF0F800D33799 /* 문자열 나누기.swift */,
				2EDADECA2B9EF12500D33799 /* 숫자 짝꿍.swift */,
				2EDADECC2BA05AFE00D33799 /* 대충 만든 자판.swift */,
				2EDADECE2BA06FC700D33799 /* 둘만의 암호.swift */,
				2EDADED02BA1767800D33799 /* 햄버거 만들기.swift */,
				2EDADED22BA183F200D33799 /* 성격 유형 검사하기.swift */,
				2EDADED42BA2DE4400D33799 /* 개인정보 수집 유효기간.swift */,
				2EDADED62BA97A4E00D33799 /* 바탕화면 정리.swift */,
			);
			path = Level1;
			sourceTree = "<group>";
		};
		2EDADED82BA97A8100D33799 /* Level2 */ = {
			isa = PBXGroup;
			children = (
				2EDADED92BAAE87F00D33799 /* 카펫.swift */,
				2EDADEDB2BAC116500D33799 /* 점프와 순간 이동.swift */,
				2EDADEDD2BAC173500D33799 /* 예상 대진표.swift */,
				2EDADEDF2BB56ACF00D33799 /* 멀리 뛰기.swift */,
				2EDADEE12BB5709600D33799 /* 귤 고르기.swift */,
				2EDADEE32BBAA61000D33799 /* 연속 부분 수열 합의 개수.swift */,
				2EDADEE52BBAB1C000D33799 /* 괄호 회전하기.swift */,
				2EDADEE72BBD4CFE00D33799 /* 할인 행사.swift */,
				2EDADEE92BBEA20600D33799 /* n^2 배열 자르기.swift */,
				2EDADEEB2BC7C1E600D33799 /* H-Index.swift */,
				2EDADEED2BC7C95000D33799 /* 행렬의 곱셈.swift */,
				2EDADEEF2BCD118F00D33799 /* [1차] 캐시.swift */,
				2EDADEF12BCD1A2C00D33799 /* 의상.swift */,
				2EDADEF32BCE556500D33799 /* 튜플.swift */,
				2EDADEF52BCE5E6800D33799 /* 피로도.swift */,
				2EDADEF72BCFAE6A00D33799 /* 프로세스.swift */,
				2EDADEF92BCFC05A00D33799 /* 뉴스 클러스터링.swift */,
				2EDADEFB2BD0BC5600D33799 /* 타겟 넘버.swift */,
				2EDADEFD2BD642B800D33799 /* k진수에서 소수 개수 구하기.swift */,
				2EDADF3B2BD8F4D600D33799 /* 압축.swift */,
				2EDADF3D2BD959EB00D33799 /* n진수 게임.swift */,
			);
			path = Level2;
			sourceTree = "<group>";
		};
/* End PBXGroup section */

/* Begin PBXNativeTarget section */
		2EDADEB82B984CC700D33799 /* Algorithm */ = {
			isa = PBXNativeTarget;
			buildConfigurationList = 2EDADEC02B984CC700D33799 /* Build configuration list for PBXNativeTarget "Algorithm" */;
			buildPhases = (
				2EDADEB52B984CC700D33799 /* Sources */,
				2EDADEB62B984CC700D33799 /* Frameworks */,
				2EDADEB72B984CC700D33799 /* CopyFiles */,
			);
			buildRules = (
			);
			dependencies = (
			);
			name = Algorithm;
			productName = Algorithm;
			productReference = 2EDADEB92B984CC700D33799 /* Algorithm */;
			productType = "com.apple.product-type.tool";
		};
/* End PBXNativeTarget section */

/* Begin PBXProject section */
		2EDADEB12B984CC700D33799 /* Project object */ = {
			isa = PBXProject;
			attributes = {
				BuildIndependentTargetsInParallel = 1;
				LastSwiftUpdateCheck = 1520;
				LastUpgradeCheck = 1520;
				TargetAttributes = {
					2EDADEB82B984CC700D33799 = {
						CreatedOnToolsVersion = 15.2;
					};
				};
			};
			buildConfigurationList = 2EDADEB42B984CC700D33799 /* Build configuration list for PBXProject "Algorithm" */;
			compatibilityVersion = "Xcode 14.0";
			developmentRegion = en;
			hasScannedForEncodings = 0;
			knownRegions = (
				en,
				Base,
			);
			mainGroup = 2EDADEB02B984CC700D33799;
			productRefGroup = 2EDADEBA2B984CC700D33799 /* Products */;
			projectDirPath = "";
			projectRoot = "";
			targets = (
				2EDADEB82B984CC700D33799 /* Algorithm */,
			);
		};
/* End PBXProject section */

/* Begin PBXSourcesBuildPhase section */
		2EDADEB52B984CC700D33799 /* Sources */ = {
			isa = PBXSourcesBuildPhase;
			buildActionMask = 2147483647;
			files = (
				2EDADEBD2B984CC700D33799 /* main.swift in Sources */,
			);
			runOnlyForDeploymentPostprocessing = 0;
		};
/* End PBXSourcesBuildPhase section */

/* Begin XCBuildConfiguration section */
		2EDADEBE2B984CC700D33799 /* Debug */ = {
			isa = XCBuildConfiguration;
			buildSettings = {
				ALWAYS_SEARCH_USER_PATHS = NO;
				ASSETCATALOG_COMPILER_GENERATE_SWIFT_ASSET_SYMBOL_EXTENSIONS = YES;
				CLANG_ANALYZER_NONNULL = YES;
				CLANG_ANALYZER_NUMBER_OBJECT_CONVERSION = YES_AGGRESSIVE;
				CLANG_CXX_LANGUAGE_STANDARD = "gnu++20";
				CLANG_ENABLE_MODULES = YES;
				CLANG_ENABLE_OBJC_ARC = YES;
				CLANG_ENABLE_OBJC_WEAK = YES;
				CLANG_WARN_BLOCK_CAPTURE_AUTORELEASING = YES;
				CLANG_WARN_BOOL_CONVERSION = YES;
				CLANG_WARN_COMMA = YES;
				CLANG_WARN_CONSTANT_CONVERSION = YES;
				CLANG_WARN_DEPRECATED_OBJC_IMPLEMENTATIONS = YES;
				CLANG_WARN_DIRECT_OBJC_ISA_USAGE = YES_ERROR;
				CLANG_WARN_DOCUMENTATION_COMMENTS = YES;
				CLANG_WARN_EMPTY_BODY = YES;
				CLANG_WARN_ENUM_CONVERSION = YES;
				CLANG_WARN_INFINITE_RECURSION = YES;
				CLANG_WARN_INT_CONVERSION = YES;
				CLANG_WARN_NON_LITERAL_NULL_CONVERSION = YES;
				CLANG_WARN_OBJC_IMPLICIT_RETAIN_SELF = YES;
				CLANG_WARN_OBJC_LITERAL_CONVERSION = YES;
				CLANG_WARN_OBJC_ROOT_CLASS = YES_ERROR;
				CLANG_WARN_QUOTED_INCLUDE_IN_FRAMEWORK_HEADER = YES;
				CLANG_WARN_RANGE_LOOP_ANALYSIS = YES;
				CLANG_WARN_STRICT_PROTOTYPES = YES;
				CLANG_WARN_SUSPICIOUS_MOVE = YES;
				CLANG_WARN_UNGUARDED_AVAILABILITY = YES_AGGRESSIVE;
				CLANG_WARN_UNREACHABLE_CODE = YES;
				CLANG_WARN__DUPLICATE_METHOD_MATCH = YES;
				COPY_PHASE_STRIP = NO;
				DEBUG_INFORMATION_FORMAT = dwarf;
				ENABLE_STRICT_OBJC_MSGSEND = YES;
				ENABLE_TESTABILITY = YES;
				ENABLE_USER_SCRIPT_SANDBOXING = YES;
				GCC_C_LANGUAGE_STANDARD = gnu17;
				GCC_DYNAMIC_NO_PIC = NO;
				GCC_NO_COMMON_BLOCKS = YES;
				GCC_OPTIMIZATION_LEVEL = 0;
				GCC_PREPROCESSOR_DEFINITIONS = (
					"DEBUG=1",
					"$(inherited)",
				);
				GCC_WARN_64_TO_32_BIT_CONVERSION = YES;
				GCC_WARN_ABOUT_RETURN_TYPE = YES_ERROR;
				GCC_WARN_UNDECLARED_SELECTOR = YES;
				GCC_WARN_UNINITIALIZED_AUTOS = YES_AGGRESSIVE;
				GCC_WARN_UNUSED_FUNCTION = YES;
				GCC_WARN_UNUSED_VARIABLE = YES;
				LOCALIZATION_PREFERS_STRING_CATALOGS = YES;
				MACOSX_DEPLOYMENT_TARGET = 14.1;
				MTL_ENABLE_DEBUG_INFO = INCLUDE_SOURCE;
				MTL_FAST_MATH = YES;
				ONLY_ACTIVE_ARCH = YES;
				SDKROOT = macosx;
				SWIFT_ACTIVE_COMPILATION_CONDITIONS = "DEBUG $(inherited)";
				SWIFT_OPTIMIZATION_LEVEL = "-Onone";
			};
			name = Debug;
		};
		2EDADEBF2B984CC700D33799 /* Release */ = {
			isa = XCBuildConfiguration;
			buildSettings = {
				ALWAYS_SEARCH_USER_PATHS = NO;
				ASSETCATALOG_COMPILER_GENERATE_SWIFT_ASSET_SYMBOL_EXTENSIONS = YES;
				CLANG_ANALYZER_NONNULL = YES;
				CLANG_ANALYZER_NUMBER_OBJECT_CONVERSION = YES_AGGRESSIVE;
				CLANG_CXX_LANGUAGE_STANDARD = "gnu++20";
				CLANG_ENABLE_MODULES = YES;
				CLANG_ENABLE_OBJC_ARC = YES;
				CLANG_ENABLE_OBJC_WEAK = YES;
				CLANG_WARN_BLOCK_CAPTURE_AUTORELEASING = YES;
				CLANG_WARN_BOOL_CONVERSION = YES;
				CLANG_WARN_COMMA = YES;
				CLANG_WARN_CONSTANT_CONVERSION = YES;
				CLANG_WARN_DEPRECATED_OBJC_IMPLEMENTATIONS = YES;
				CLANG_WARN_DIRECT_OBJC_ISA_USAGE = YES_ERROR;
				CLANG_WARN_DOCUMENTATION_COMMENTS = YES;
				CLANG_WARN_EMPTY_BODY = YES;
				CLANG_WARN_ENUM_CONVERSION = YES;
				CLANG_WARN_INFINITE_RECURSION = YES;
				CLANG_WARN_INT_CONVERSION = YES;
				CLANG_WARN_NON_LITERAL_NULL_CONVERSION = YES;
				CLANG_WARN_OBJC_IMPLICIT_RETAIN_SELF = YES;
				CLANG_WARN_OBJC_LITERAL_CONVERSION = YES;
				CLANG_WARN_OBJC_ROOT_CLASS = YES_ERROR;
				CLANG_WARN_QUOTED_INCLUDE_IN_FRAMEWORK_HEADER = YES;
				CLANG_WARN_RANGE_LOOP_ANALYSIS = YES;
				CLANG_WARN_STRICT_PROTOTYPES = YES;
				CLANG_WARN_SUSPICIOUS_MOVE = YES;
				CLANG_WARN_UNGUARDED_AVAILABILITY = YES_AGGRESSIVE;
				CLANG_WARN_UNREACHABLE_CODE = YES;
				CLANG_WARN__DUPLICATE_METHOD_MATCH = YES;
				COPY_PHASE_STRIP = NO;
				DEBUG_INFORMATION_FORMAT = "dwarf-with-dsym";
				ENABLE_NS_ASSERTIONS = NO;
				ENABLE_STRICT_OBJC_MSGSEND = YES;
				ENABLE_USER_SCRIPT_SANDBOXING = YES;
				GCC_C_LANGUAGE_STANDARD = gnu17;
				GCC_NO_COMMON_BLOCKS = YES;
				GCC_WARN_64_TO_32_BIT_CONVERSION = YES;
				GCC_WARN_ABOUT_RETURN_TYPE = YES_ERROR;
				GCC_WARN_UNDECLARED_SELECTOR = YES;
				GCC_WARN_UNINITIALIZED_AUTOS = YES_AGGRESSIVE;
				GCC_WARN_UNUSED_FUNCTION = YES;
				GCC_WARN_UNUSED_VARIABLE = YES;
				LOCALIZATION_PREFERS_STRING_CATALOGS = YES;
				MACOSX_DEPLOYMENT_TARGET = 14.1;
				MTL_ENABLE_DEBUG_INFO = NO;
				MTL_FAST_MATH = YES;
				SDKROOT = macosx;
				SWIFT_COMPILATION_MODE = wholemodule;
			};
			name = Release;
		};
		2EDADEC12B984CC700D33799 /* Debug */ = {
			isa = XCBuildConfiguration;
			buildSettings = {
				CODE_SIGN_STYLE = Automatic;
				DEVELOPMENT_TEAM = HF833JV2AF;
				ENABLE_HARDENED_RUNTIME = YES;
				PRODUCT_NAME = "$(TARGET_NAME)";
				SWIFT_VERSION = 5.0;
			};
			name = Debug;
		};
		2EDADEC22B984CC700D33799 /* Release */ = {
			isa = XCBuildConfiguration;
			buildSettings = {
				CODE_SIGN_STYLE = Automatic;
				DEVELOPMENT_TEAM = HF833JV2AF;
				ENABLE_HARDENED_RUNTIME = YES;
				PRODUCT_NAME = "$(TARGET_NAME)";
				SWIFT_VERSION = 5.0;
			};
			name = Release;
		};
/* End XCBuildConfiguration section */

/* Begin XCConfigurationList section */
		2EDADEB42B984CC700D33799 /* Build configuration list for PBXProject "Algorithm" */ = {
			isa = XCConfigurationList;
			buildConfigurations = (
				2EDADEBE2B984CC700D33799 /* Debug */,
				2EDADEBF2B984CC700D33799 /* Release */,
			);
			defaultConfigurationIsVisible = 0;
			defaultConfigurationName = Release;
		};
		2EDADEC02B984CC700D33799 /* Build configuration list for PBXNativeTarget "Algorithm" */ = {
			isa = XCConfigurationList;
			buildConfigurations = (
				2EDADEC12B984CC700D33799 /* Debug */,
				2EDADEC22B984CC700D33799 /* Release */,
			);
			defaultConfigurationIsVisible = 0;
			defaultConfigurationName = Release;
		};
/* End XCConfigurationList section */
	};
	rootObject = 2EDADEB12B984CC700D33799 /* Project object */;
}
